{
    "name": "com.lsc.ar.caba.villamalcolm",
    "version": "1.0.0",
    "lockfileVersion": 1,
    "requires": true,
    "dependencies": {
        "acorn": {
            "version": "0.11.0",
            "resolved": "https://registry.npmjs.org/acorn/-/acorn-0.11.0.tgz",
            "integrity": "sha1-bpXwJTrRYf8BJ9symD5eLlNS1Zo=",
            "dev": true
        },
        "alter": {
            "version": "0.2.0",
            "resolved": "https://registry.npmjs.org/alter/-/alter-0.2.0.tgz",
            "integrity": "sha1-x1iICGF1cgNKrmJICvJrHU0cs80=",
            "dev": true,
            "requires": {
                "stable": "~0.1.3"
            }
        },
        "amdefine": {
            "version": "1.0.1",
            "resolved": "https://registry.npmjs.org/amdefine/-/amdefine-1.0.1.tgz",
            "integrity": "sha1-SlKCrBZHKek2Gbz9OtFR+BfOkfU=",
            "dev": true
        },
        "balanced-match": {
            "version": "1.0.0",
            "resolved": "https://registry.npmjs.org/balanced-match/-/balanced-match-1.0.0.tgz",
            "integrity": "sha1-ibTRmasr7kneFk6gK4nORi1xt2c="
        },
        "base64-js": {
            "version": "1.3.0",
            "resolved": "https://registry.npmjs.org/base64-js/-/base64-js-1.3.0.tgz",
            "integrity": "sha512-ccav/yGvoa80BQDljCxsmmQ3Xvx60/UpBIij5QN21W3wBi/hhIC9OoO+KLpu9IJTS9j4DRVJ3aDDF9cMSoa2lw=="
        },
        "brace-expansion": {
            "version": "1.1.11",
            "resolved": "https://registry.npmjs.org/brace-expansion/-/brace-expansion-1.1.11.tgz",
            "integrity": "sha512-iCuPHDFgrHX7H2vEI/5xpz07zSHB00TpugqhmYtVmMO6518mCuRMoOYFldEBl0g187ufozdaHgWKcYFb61qGiA==",
            "requires": {
                "balanced-match": "^1.0.0",
                "concat-map": "0.0.1"
            }
        },
        "clean-css": {
            "version": "4.1.9",
            "resolved": "https://registry.npmjs.org/clean-css/-/clean-css-4.1.9.tgz",
            "integrity": "sha1-Nc7ornaHpJuYA09w3gDE7dOCYwE=",
            "dev": true,
            "requires": {
                "source-map": "0.5.x"
            }
        },
        "commander": {
            "version": "2.15.1",
            "resolved": "https://registry.npmjs.org/commander/-/commander-2.15.1.tgz",
            "integrity": "sha512-VlfT9F3V0v+jr4yxPc5gg9s62/fIVWsd2Bk2iD435um1NlGMYdVCq+MjcXnhYq2icNOizHr1kK+5TI6H0Hy0ag==",
            "dev": true
        },
        "concat-map": {
            "version": "0.0.1",
            "resolved": "https://registry.npmjs.org/concat-map/-/concat-map-0.0.1.tgz",
            "integrity": "sha1-2Klr13/Wjfd5OnMDajug1UBdR3s="
        },
        "convert-source-map": {
            "version": "0.4.1",
            "resolved": "https://registry.npmjs.org/convert-source-map/-/convert-source-map-0.4.1.tgz",
            "integrity": "sha1-+RmgCZ/jH4D8Wh0OswMWGzlAcMc=",
            "dev": true
        },
        "cordova-android": {
            "version": "6.4.0",
            "resolved": "https://registry.npmjs.org/cordova-android/-/cordova-android-6.4.0.tgz",
            "integrity": "sha1-VK6NpXKKjX5e/MYXLT3MoXvH/n0=",
            "requires": {
                "android-versions": "^1.2.1",
                "cordova-common": "^2.1.0",
                "elementtree": "0.1.6",
                "nopt": "^3.0.1",
                "properties-parser": "^0.2.3",
                "q": "^1.4.1",
                "shelljs": "^0.5.3"
            },
            "dependencies": {
                "abbrev": {
                    "version": "1.1.0",
                    "bundled": true
                },
                "android-versions": {
                    "version": "1.2.1",
                    "bundled": true
                },
                "ansi": {
                    "version": "0.3.1",
                    "bundled": true
                },
                "balanced-match": {
                    "version": "1.0.0",
                    "bundled": true
                },
                "base64-js": {
                    "version": "0.0.8",
                    "bundled": true
                },
                "big-integer": {
                    "version": "1.6.25",
                    "bundled": true
                },
                "bplist-parser": {
                    "version": "0.1.1",
                    "bundled": true,
                    "requires": {
                        "big-integer": "^1.6.7"
                    }
                },
                "brace-expansion": {
                    "version": "1.1.8",
                    "bundled": true,
                    "requires": {
                        "balanced-match": "^1.0.0",
                        "concat-map": "0.0.1"
                    }
                },
                "concat-map": {
                    "version": "0.0.1",
                    "bundled": true
                },
                "cordova-common": {
                    "version": "2.1.0",
                    "bundled": true,
                    "requires": {
                        "ansi": "^0.3.1",
                        "bplist-parser": "^0.1.0",
                        "cordova-registry-mapper": "^1.1.8",
                        "elementtree": "0.1.6",
                        "glob": "^5.0.13",
                        "minimatch": "^3.0.0",
                        "osenv": "^0.1.3",
                        "plist": "^1.2.0",
                        "q": "^1.4.1",
                        "semver": "^5.0.1",
                        "shelljs": "^0.5.3",
                        "underscore": "^1.8.3",
                        "unorm": "^1.3.3"
                    }
                },
                "cordova-registry-mapper": {
                    "version": "1.1.15",
                    "bundled": true
                },
                "elementtree": {
                    "version": "0.1.6",
                    "bundled": true,
                    "requires": {
                        "sax": "0.3.5"
                    }
                },
                "glob": {
                    "version": "5.0.15",
                    "bundled": true,
                    "requires": {
                        "inflight": "^1.0.4",
                        "inherits": "2",
                        "minimatch": "2 || 3",
                        "once": "^1.3.0",
                        "path-is-absolute": "^1.0.0"
                    }
                },
                "inflight": {
                    "version": "1.0.6",
                    "bundled": true,
                    "requires": {
                        "once": "^1.3.0",
                        "wrappy": "1"
                    }
                },
                "inherits": {
                    "version": "2.0.3",
                    "bundled": true
                },
                "lodash": {
                    "version": "3.10.1",
                    "bundled": true
                },
                "minimatch": {
                    "version": "3.0.4",
                    "bundled": true,
                    "requires": {
                        "brace-expansion": "^1.1.7"
                    }
                },
                "nopt": {
                    "version": "3.0.6",
                    "bundled": true,
                    "requires": {
                        "abbrev": "1"
                    }
                },
                "once": {
                    "version": "1.4.0",
                    "bundled": true,
                    "requires": {
                        "wrappy": "1"
                    }
                },
                "os-homedir": {
                    "version": "1.0.2",
                    "bundled": true
                },
                "os-tmpdir": {
                    "version": "1.0.2",
                    "bundled": true
                },
                "osenv": {
                    "version": "0.1.4",
                    "bundled": true,
                    "requires": {
                        "os-homedir": "^1.0.0",
                        "os-tmpdir": "^1.0.0"
                    }
                },
                "path-is-absolute": {
                    "version": "1.0.1",
                    "bundled": true
                },
                "plist": {
                    "version": "1.2.0",
                    "bundled": true,
                    "requires": {
                        "base64-js": "0.0.8",
                        "util-deprecate": "1.0.2",
                        "xmlbuilder": "4.0.0",
                        "xmldom": "0.1.x"
                    }
                },
                "properties-parser": {
                    "version": "0.2.3",
                    "bundled": true
                },
                "q": {
                    "version": "1.5.0",
                    "bundled": true
                },
                "sax": {
                    "version": "0.3.5",
                    "bundled": true
                },
                "semver": {
                    "version": "5.4.1",
                    "bundled": true
                },
                "shelljs": {
                    "version": "0.5.3",
                    "bundled": true
                },
                "underscore": {
                    "version": "1.8.3",
                    "bundled": true
                },
                "unorm": {
                    "version": "1.4.1",
                    "bundled": true
                },
                "util-deprecate": {
                    "version": "1.0.2",
                    "bundled": true
                },
                "wrappy": {
                    "version": "1.0.2",
                    "bundled": true
                },
                "xmlbuilder": {
                    "version": "4.0.0",
                    "bundled": true,
                    "requires": {
                        "lodash": "^3.5.0"
                    }
                },
                "xmldom": {
                    "version": "0.1.27",
                    "bundled": true
                }
            }
        },
        "cordova-android-firebase-gradle-release": {
            "version": "2.0.0",
            "resolved": "https://registry.npmjs.org/cordova-android-firebase-gradle-release/-/cordova-android-firebase-gradle-release-2.0.0.tgz",
            "integrity": "sha512-ktYHELIqas7Uy8RH6s5c3wx494YgLA6Ow4ox7kIMu+JVEQhMcnx0fRMS7c/1VOkmU/4QFasma88x2nwtea2VJg==",
            "requires": {
                "semver": "5.1.0",
                "xml2js": "~0.4.19"
            }
        },
        "cordova-android-play-services-gradle-release": {
            "version": "2.0.0",
            "resolved": "https://registry.npmjs.org/cordova-android-play-services-gradle-release/-/cordova-android-play-services-gradle-release-2.0.0.tgz",
            "integrity": "sha512-P0rnMZCOO7s9cJbaVRxAxWsdtRQGiEaiUwXkR8fbW92Ym3vHsbg7SLa3TWPXQIbWdDcGa5citEPhMLvazHazgA==",
            "requires": {
                "semver": "5.1.0",
                "xml2js": "~0.4.19"
            }
        },
        "cordova-plugin-admobpro-firebase": {
            "version": "2.37.0",
            "resolved": "https://registry.npmjs.org/cordova-plugin-admobpro-firebase/-/cordova-plugin-admobpro-firebase-2.37.0.tgz",
            "integrity": "sha512-adxE+A5SxmW/D+w8DdehSS+NSaab1a4OzE113vSws8217t4AoDkOSFTTkXOGe0kkBCWcDHbizDyjDMcvXBGLiw=="
        },
        "cordova-plugin-browsertab": {
            "version": "0.2.0",
            "resolved": "https://registry.npmjs.org/cordova-plugin-browsertab/-/cordova-plugin-browsertab-0.2.0.tgz",
            "integrity": "sha1-Hgf5hy4VRnpQ59FKc/79h0+u1ko="
        },
        "cordova-plugin-buildinfo": {
            "version": "2.0.2",
            "resolved": "https://registry.npmjs.org/cordova-plugin-buildinfo/-/cordova-plugin-buildinfo-2.0.2.tgz",
            "integrity": "sha512-hrrNZxSiV2KoyJ3cNPkvy/GoaWZbLZuuJMDaEK3OJ4GXgtuqB1lxAUQqJG+L2P2Ak3xwRZizqH32U5gE32I96w=="
        },
        "cordova-plugin-compat": {
            "version": "1.2.0",
            "resolved": "https://registry.npmjs.org/cordova-plugin-compat/-/cordova-plugin-compat-1.2.0.tgz",
            "integrity": "sha1-C8ZXVyduvZIMASzpIOJ0F3V2Nz4="
        },
        "cordova-plugin-customurlscheme": {
            "version": "4.4.0",
            "resolved": "https://registry.npmjs.org/cordova-plugin-customurlscheme/-/cordova-plugin-customurlscheme-4.4.0.tgz",
            "integrity": "sha512-7VPJnNfvfZQSU1IdhJX7BpDgvC7bEe+Kfg9Cj8guSoZDcTi378qQFb6VOwthT8hwGXx2bZzWf0qnTZdRlLQy+Q=="
        },
        "cordova-plugin-device": {
            "version": "2.0.2",
            "resolved": "https://registry.npmjs.org/cordova-plugin-device/-/cordova-plugin-device-2.0.2.tgz",
            "integrity": "sha1-/Ajzci5n7ve2xnv8mag99q3Quro="
        },
        "cordova-plugin-dialogs": {
            "version": "2.0.1",
            "resolved": "https://registry.npmjs.org/cordova-plugin-dialogs/-/cordova-plugin-dialogs-2.0.1.tgz",
            "integrity": "sha1-N/7xUSWWyNXflUP7eHJFkPdn3PM="
        },
        "cordova-plugin-extension": {
            "version": "1.5.4",
            "resolved": "https://registry.npmjs.org/cordova-plugin-extension/-/cordova-plugin-extension-1.5.4.tgz",
            "integrity": "sha1-k4/KDLAAa6tW/87lBiAb/hsA44Q="
        },
        "cordova-plugin-firebase": {
            "version": "git+https://github.com/dpa99c/cordova-plugin-firebase.git#fed6a1e32a4d256fd498580200741bb5a14127ef",
            "from": "git+https://github.com/dpa99c/cordova-plugin-firebase.git#GH-1057-April-05-android-build-issue"
        },
        "cordova-plugin-google-analytics": {
            "version": "1.8.6",
            "resolved": "https://registry.npmjs.org/cordova-plugin-google-analytics/-/cordova-plugin-google-analytics-1.8.6.tgz",
            "integrity": "sha512-shg8e3ris1MzmhC8roraScc2GEcfe7sVlbKkvrO3wZUAlYr31sf+4wxZr/VQB6tEcPsmTAkoNjGr1zMwoYjMeg=="
        },
        "cordova-plugin-inappbrowser": {
            "version": "2.0.2",
            "resolved": "https://registry.npmjs.org/cordova-plugin-inappbrowser/-/cordova-plugin-inappbrowser-2.0.2.tgz",
            "integrity": "sha1-pEj8vpdMprQpiL00VRCdkj1sl2k="
        },
        "cordova-plugin-network-information": {
            "version": "2.0.1",
            "resolved": "https://registry.npmjs.org/cordova-plugin-network-information/-/cordova-plugin-network-information-2.0.1.tgz",
            "integrity": "sha1-6QQh9DDGq3bUCSI/Jfzvu7zhdpA="
        },
        "cordova-plugin-screen-orientation": {
            "version": "3.0.1",
            "resolved": "https://registry.npmjs.org/cordova-plugin-screen-orientation/-/cordova-plugin-screen-orientation-3.0.1.tgz",
            "integrity": "sha1-daNXzik4CB6PYdRgU5S213Rjwfg="
        },
        "cordova-plugin-splashscreen": {
            "version": "5.0.2",
            "resolved": "https://registry.npmjs.org/cordova-plugin-splashscreen/-/cordova-plugin-splashscreen-5.0.2.tgz",
            "integrity": "sha1-dH509W4gHNWFvGLRS8oZ9oZ/8e0="
        },
        "cordova-plugin-vibration": {
            "version": "3.1.0",
            "resolved": "https://registry.npmjs.org/cordova-plugin-vibration/-/cordova-plugin-vibration-3.1.0.tgz",
            "integrity": "sha1-Y+V6HecuMYsJRO9yfXxO/xPKLJM="
        },
        "cordova-plugin-whitelist": {
            "version": "1.3.3",
            "resolved": "https://registry.npmjs.org/cordova-plugin-whitelist/-/cordova-plugin-whitelist-1.3.3.tgz",
            "integrity": "sha1-tehezbv+Wu3tQKG/TuI3LmfZb7Q="
        },
        "cordova-plugin-x-socialsharing": {
            "version": "5.4.5",
            "resolved": "https://registry.npmjs.org/cordova-plugin-x-socialsharing/-/cordova-plugin-x-socialsharing-5.4.5.tgz",
            "integrity": "sha512-N71Su5E1AhJkrbM79g6O5I7d6wAdgHHh+JslT0KmBj+xJV2JGVdlSNvCI41jdVQHl1UDisamDXtc5p2clzJPmQ=="
        },
        "cordova-uglify": {
            "version": "0.3.3",
            "resolved": "https://registry.npmjs.org/cordova-uglify/-/cordova-uglify-0.3.3.tgz",
            "integrity": "sha512-qPBo3NuolaUqrQAyTVe/JETRG3h5j0rJR1wjvvcO7mFmd+J/oRQXeOPSvg44lM2f51ARdoqmoBqkoaeTEwp2bw==",
            "dev": true,
            "requires": {
                "clean-css": "4.1.9",
                "ng-annotate": "0.15.4",
                "shelljs": "^0.7.0",
                "uglify-js": "3.3.16"
            }
        },
        "cordova-universal-links-plugin-fix": {
            "version": "1.2.1",
            "resolved": "https://registry.npmjs.org/cordova-universal-links-plugin-fix/-/cordova-universal-links-plugin-fix-1.2.1.tgz",
            "integrity": "sha512-w7ctP0gzEOoCrchJ6DnjckdJawk+XBUze4khXS/p1cD7i2UScqUt3+gpffVu1iZbZHf9/84U1mEn7nbKC+FmrA==",
            "requires": {
                "mkpath": ">=1.0.0",
                "node-version-compare": ">=1.0.1",
                "plist": ">=1.2.0",
                "rimraf": ">=2.4",
                "xml2js": ">=0.4"
            }
        },
        "es6-promise-plugin": {
            "version": "4.2.2",
            "resolved": "https://registry.npmjs.org/es6-promise-plugin/-/es6-promise-plugin-4.2.2.tgz",
            "integrity": "sha512-uoA4aVplXI9oqUYJFBAVRwAqIN9/n9JgrTAUGX3qPbnSZVE5yY1+6/MsoN5f4xsaPO62WjPHOdtts6okMN6tNA=="
        },
        "fs.realpath": {
            "version": "1.0.0",
            "resolved": "https://registry.npmjs.org/fs.realpath/-/fs.realpath-1.0.0.tgz",
            "integrity": "sha1-FQStJSMVjKpA20onh8sBQRmU6k8="
        },
        "glob": {
            "version": "7.1.4",
            "resolved": "https://registry.npmjs.org/glob/-/glob-7.1.4.tgz",
            "integrity": "sha512-hkLPepehmnKk41pUGm3sYxoFs/umurYfYJCerbXEyFIWcAzvpipAgVkBqqT9RBKMGjnq6kMuyYwha6csxbiM1A==",
            "requires": {
                "fs.realpath": "^1.0.0",
                "inflight": "^1.0.4",
                "inherits": "2",
                "minimatch": "^3.0.4",
                "once": "^1.3.0",
                "path-is-absolute": "^1.0.0"
            }
        },
        "inflight": {
            "version": "1.0.6",
            "resolved": "https://registry.npmjs.org/inflight/-/inflight-1.0.6.tgz",
            "integrity": "sha1-Sb1jMdfQLQwJvJEKEHW6gWW1bfk=",
            "requires": {
                "once": "^1.3.0",
                "wrappy": "1"
            }
        },
        "inherits": {
            "version": "2.0.3",
            "resolved": "https://registry.npmjs.org/inherits/-/inherits-2.0.3.tgz",
            "integrity": "sha1-Yzwsg+PaQqUC9SRmAiSA9CCCYd4="
        },
        "interpret": {
            "version": "1.2.0",
            "resolved": "https://registry.npmjs.org/interpret/-/interpret-1.2.0.tgz",
            "integrity": "sha512-mT34yGKMNceBQUoVn7iCDKDntA7SC6gycMAWzGx1z/CMCTV7b2AAtXlo3nRyHZ1FelRkQbQjprHSYGwzLtkVbw==",
            "dev": true
        },
        "minimatch": {
            "version": "3.0.4",
            "resolved": "https://registry.npmjs.org/minimatch/-/minimatch-3.0.4.tgz",
            "integrity": "sha512-yJHVQEhyqPLUTgt9B83PXu6W3rx4MvvHvSUvToogpwoGDOUQ+yDrR0HRot+yOCdCO7u4hX3pWft6kWBBcqh0UA==",
            "requires": {
                "brace-expansion": "^1.1.7"
            }
        },
        "minimist": {
            "version": "0.0.10",
            "resolved": "https://registry.npmjs.org/minimist/-/minimist-0.0.10.tgz",
            "integrity": "sha1-3j+YVD2/lggr5IrRoMfNqDYwHc8=",
            "dev": true
        },
        "mkpath": {
            "version": "1.0.0",
            "resolved": "https://registry.npmjs.org/mkpath/-/mkpath-1.0.0.tgz",
            "integrity": "sha1-67Opd+evHGg65v2hK1Raa6bFhT0="
        },
        "ng-annotate": {
            "version": "0.15.4",
            "resolved": "https://registry.npmjs.org/ng-annotate/-/ng-annotate-0.15.4.tgz",
            "integrity": "sha1-ZQdSXI8vKPh4e824mPVtmzEGbpM=",
            "dev": true,
            "requires": {
                "acorn": "~0.11.0",
                "alter": "~0.2.0",
                "convert-source-map": "~0.4.1",
                "optimist": "~0.6.1",
                "ordered-ast-traverse": "~1.1.1",
                "simple-fmt": "~0.1.0",
                "simple-is": "~0.2.0",
                "source-map": "~0.1.43",
                "stable": "~0.1.5",
                "stringmap": "~0.2.2",
                "stringset": "~0.2.1",
                "tryor": "~0.1.2"
            },
            "dependencies": {
                "source-map": {
                    "version": "0.1.43",
                    "resolved": "https://registry.npmjs.org/source-map/-/source-map-0.1.43.tgz",
                    "integrity": "sha1-wkvBRspRfBRx9drL4lcbK3+eM0Y=",
                    "dev": true,
                    "requires": {
                        "amdefine": ">=0.0.4"
                    }
                }
            }
        },
        "node-version-compare": {
            "version": "1.0.2",
            "resolved": "https://registry.npmjs.org/node-version-compare/-/node-version-compare-1.0.2.tgz",
            "integrity": "sha512-OVcHSPS3nROlBQXcALptOR0j2lOabC9wE2S+y+Fvr7nSDqoO/LCNzRdVGVovipeHUXs5jAqq7GelWE1X4J1sEw=="
        },
        "once": {
            "version": "1.4.0",
            "resolved": "https://registry.npmjs.org/once/-/once-1.4.0.tgz",
            "integrity": "sha1-WDsap3WWHUsROsF9nFC6753Xa9E=",
            "requires": {
                "wrappy": "1"
            }
        },
        "optimist": {
            "version": "0.6.1",
            "resolved": "https://registry.npmjs.org/optimist/-/optimist-0.6.1.tgz",
            "integrity": "sha1-2j6nRob6IaGaERwybpDrFaAZZoY=",
            "dev": true,
            "requires": {
                "minimist": "~0.0.1",
                "wordwrap": "~0.0.2"
            }
        },
        "ordered-ast-traverse": {
            "version": "1.1.1",
            "resolved": "https://registry.npmjs.org/ordered-ast-traverse/-/ordered-ast-traverse-1.1.1.tgz",
            "integrity": "sha1-aEOhcLwO7otSDMjdwd3TqjD6BXw=",
            "dev": true,
            "requires": {
                "ordered-esprima-props": "~1.1.0"
            }
        },
        "ordered-esprima-props": {
            "version": "1.1.0",
            "resolved": "https://registry.npmjs.org/ordered-esprima-props/-/ordered-esprima-props-1.1.0.tgz",
            "integrity": "sha1-qYJwht9fAQqmDpvQK24DNc6i/8s=",
            "dev": true
        },
        "path-is-absolute": {
            "version": "1.0.1",
            "resolved": "https://registry.npmjs.org/path-is-absolute/-/path-is-absolute-1.0.1.tgz",
            "integrity": "sha1-F0uSaHNVNP+8es5r9TpanhtcX18="
        },
        "path-parse": {
            "version": "1.0.6",
            "resolved": "https://registry.npmjs.org/path-parse/-/path-parse-1.0.6.tgz",
            "integrity": "sha512-GSmOT2EbHrINBf9SR7CDELwlJ8AENk3Qn7OikK4nFYAu3Ote2+JYNVvkpAEQm3/TLNEJFD/xZJjzyxg3KBWOzw==",
            "dev": true
        },
        "plist": {
            "version": "3.0.1",
            "resolved": "https://registry.npmjs.org/plist/-/plist-3.0.1.tgz",
            "integrity": "sha512-GpgvHHocGRyQm74b6FWEZZVRroHKE1I0/BTjAmySaohK+cUn+hZpbqXkc3KWgW3gQYkqcQej35FohcT0FRlkRQ==",
            "requires": {
                "base64-js": "^1.2.3",
                "xmlbuilder": "^9.0.7",
                "xmldom": "0.1.x"
            }
        },
        "rechoir": {
            "version": "0.6.2",
            "resolved": "https://registry.npmjs.org/rechoir/-/rechoir-0.6.2.tgz",
            "integrity": "sha1-hSBLVNuoLVdC4oyWdW70OvUOM4Q=",
            "dev": true,
            "requires": {
                "resolve": "^1.1.6"
            }
        },
        "resolve": {
            "version": "1.11.0",
            "resolved": "https://registry.npmjs.org/resolve/-/resolve-1.11.0.tgz",
            "integrity": "sha512-WL2pBDjqT6pGUNSUzMw00o4T7If+z4H2x3Gz893WoUQ5KW8Vr9txp00ykiP16VBaZF5+j/OcXJHZ9+PCvdiDKw==",
            "dev": true,
            "requires": {
                "path-parse": "^1.0.6"
            }
        },
        "rimraf": {
            "version": "2.6.3",
            "resolved": "https://registry.npmjs.org/rimraf/-/rimraf-2.6.3.tgz",
            "integrity": "sha512-mwqeW5XsA2qAejG46gYdENaxXjx9onRNCfn7L0duuP4hCuTIi/QO7PDK07KJfp1d+izWPrzEJDcSqBa0OZQriA==",
            "requires": {
                "glob": "^7.1.3"
            }
        },
        "sax": {
            "version": "1.2.4",
            "resolved": "https://registry.npmjs.org/sax/-/sax-1.2.4.tgz",
            "integrity": "sha512-NqVDv9TpANUjFm0N8uM5GxL36UgKi9/atZw+x7YFnQ8ckwFGKrl4xX4yWtrey3UJm5nP1kUbnYgLopqWNSRhWw=="
        },
        "semver": {
            "version": "5.1.0",
            "resolved": "https://registry.npmjs.org/semver/-/semver-5.1.0.tgz",
            "integrity": "sha1-hfLPhVBGXE3wAM99hvawVBBqueU="
        },
        "shelljs": {
            "version": "0.7.8",
            "resolved": "https://registry.npmjs.org/shelljs/-/shelljs-0.7.8.tgz",
            "integrity": "sha1-3svPh0sNHl+3LhSxZKloMEjprLM=",
            "dev": true,
            "requires": {
                "glob": "^7.0.0",
                "interpret": "^1.0.0",
                "rechoir": "^0.6.2"
            }
        },
        "simple-fmt": {
            "version": "0.1.0",
            "resolved": "https://registry.npmjs.org/simple-fmt/-/simple-fmt-0.1.0.tgz",
            "integrity": "sha1-GRv1ZqWeZTBILLJatTtKjchcOms=",
            "dev": true
        },
        "simple-is": {
            "version": "0.2.0",
            "resolved": "https://registry.npmjs.org/simple-is/-/simple-is-0.2.0.tgz",
            "integrity": "sha1-Krt1qt453rXMgVzhDmGRFkhQuvA=",
            "dev": true
        },
        "source-map": {
            "version": "0.5.7",
            "resolved": "https://registry.npmjs.org/source-map/-/source-map-0.5.7.tgz",
            "integrity": "sha1-igOdLRAh0i0eoUyA2OpGi6LvP8w=",
            "dev": true
        },
        "stable": {
            "version": "0.1.8",
            "resolved": "https://registry.npmjs.org/stable/-/stable-0.1.8.tgz",
            "integrity": "sha512-ji9qxRnOVfcuLDySj9qzhGSEFVobyt1kIOSkj1qZzYLzq7Tos/oUUWvotUPQLlrsidqsK6tBH89Bc9kL5zHA6w==",
            "dev": true
        },
        "stringmap": {
            "version": "0.2.2",
            "resolved": "https://registry.npmjs.org/stringmap/-/stringmap-0.2.2.tgz",
            "integrity": "sha1-VWwTeyWPlCuHdvWy71gqoGnX0bE=",
            "dev": true
        },
        "stringset": {
            "version": "0.2.1",
            "resolved": "https://registry.npmjs.org/stringset/-/stringset-0.2.1.tgz",
            "integrity": "sha1-7yWcTjSTRDd/zRyRPdLoSMnAQrU=",
            "dev": true
        },
        "tryor": {
            "version": "0.1.2",
            "resolved": "https://registry.npmjs.org/tryor/-/tryor-0.1.2.tgz",
            "integrity": "sha1-gUXkynyv9ArN48z5Rui4u3W0Fys=",
            "dev": true
        },
        "uglify-js": {
            "version": "3.3.16",
            "resolved": "https://registry.npmjs.org/uglify-js/-/uglify-js-3.3.16.tgz",
            "integrity": "sha512-FMh5SRqJRGhv9BbaTffENIpDDQIoPDR8DBraunGORGhySArsXlw9++CN+BWzPBLpoI4RcSnpfGPnilTxWL3Vvg==",
            "dev": true,
            "requires": {
                "commander": "~2.15.0",
                "source-map": "~0.6.1"
            },
            "dependencies": {
                "source-map": {
                    "version": "0.6.1",
                    "resolved": "https://registry.npmjs.org/source-map/-/source-map-0.6.1.tgz",
                    "integrity": "sha512-UjgapumWlbMhkBgzT7Ykc5YXUT46F0iKu8SGXq0bcwP5dz/h0Plj6enJqjz1Zbq2l5WaqYnrVbwWOWMyF3F47g==",
                    "dev": true
                }
            }
        },
        "wordwrap": {
            "version": "0.0.3",
            "resolved": "https://registry.npmjs.org/wordwrap/-/wordwrap-0.0.3.tgz",
            "integrity": "sha1-o9XabNXAvAAI03I0u68b7WMFkQc=",
            "dev": true
        },
        "wrappy": {
            "version": "1.0.2",
            "resolved": "https://registry.npmjs.org/wrappy/-/wrappy-1.0.2.tgz",
            "integrity": "sha1-tSQ9jz7BqjXxNkYFvA0QNuMKtp8="
        },
        "xml2js": {
            "version": "0.4.19",
            "resolved": "https://registry.npmjs.org/xml2js/-/xml2js-0.4.19.tgz",
            "integrity": "sha512-esZnJZJOiJR9wWKMyuvSE1y6Dq5LCuJanqhxslH2bxM6duahNZ+HMpCLhBQGZkbX6xRf8x1Y2eJlgt2q3qo49Q==",
            "requires": {
                "sax": ">=0.6.0",
                "xmlbuilder": "~9.0.1"
            }
        },
        "xmlbuilder": {
            "version": "9.0.7",
            "resolved": "https://registry.npmjs.org/xmlbuilder/-/xmlbuilder-9.0.7.tgz",
            "integrity": "sha1-Ey7mPS7FVlxVfiD0wi35rKaGsQ0="
        },
        "xmldom": {
            "version": "0.1.27",
            "resolved": "https://registry.npmjs.org/xmldom/-/xmldom-0.1.27.tgz",
            "integrity": "sha1-1QH5ezvbQDr4757MIFcxh6rawOk="
        }
    }
}
